
Microsoft Visual Studio Solution File, Format Version 12.00
# Visual Studio Version 16
VisualStudioVersion = 16.0.29709.97
MinimumVisualStudioVersion = 10.0.40219.1
Project("{FAE04EC0-301F-11D3-BF4B-00C04F79EFBC}") = "Experimenting_on_sorting_algorithms", "Experimenting_on_sorting_algorithms\Experimenting_on_sorting_algorithms.csproj", "{E59BF316-4ACD-4570-A139-6699CBCE5146}"
EndProject
Project("{FAE04EC0-301F-11D3-BF4B-00C04F79EFBC}") = "Experimenting_on_sorting_algorithmsTest", "Experimenting_on_sorting_algorithmsTest\Experimenting_on_sorting_algorithmsTest.csproj", "{D5559420-5676-4AAD-A447-9B50F86B75C2}"
EndProject
Global
	GlobalSection(SolutionConfigurationPlatforms) = preSolution
		Debug|Any CPU = Debug|Any CPU
		Release|Any CPU = Release|Any CPU
	EndGlobalSection
	GlobalSection(ProjectConfigurationPlatforms) = postSolution
		{E59BF316-4ACD-4570-A139-6699CBCE5146}.Debug|Any CPU.ActiveCfg = Debug|Any CPU
		{E59BF316-4ACD-4570-A139-6699CBCE5146}.Debug|Any CPU.Build.0 = Debug|Any CPU
		{E59BF316-4ACD-4570-A139-6699CBCE5146}.Release|Any CPU.ActiveCfg = Release|Any CPU
		{E59BF316-4ACD-4570-A139-6699CBCE5146}.Release|Any CPU.Build.0 = Release|Any CPU
		{D5559420-5676-4AAD-A447-9B50F86B75C2}.Debug|Any CPU.ActiveCfg = Debug|Any CPU
		{D5559420-5676-4AAD-A447-9B50F86B75C2}.Debug|Any CPU.Build.0 = Debug|Any CPU
		{D5559420-5676-4AAD-A447-9B50F86B75C2}.Release|Any CPU.ActiveCfg = Release|Any CPU
		{D5559420-5676-4AAD-A447-9B50F86B75C2}.Release|Any CPU.Build.0 = Release|Any CPU
	EndGlobalSection
	GlobalSection(SolutionProperties) = preSolution
		HideSolutionNode = FALSE
	EndGlobalSection
	GlobalSection(ExtensibilityGlobals) = postSolution
		SolutionGuid = {727EF1A8-E9F0-4332-8961-21FDE5071EB4}
	EndGlobalSection
EndGlobal
